
Microsoft Visual Studio Solution File, Format Version 12.00
# Visual Studio 15
VisualStudioVersion = 15.0.34930.48
MinimumVisualStudioVersion = 10.0.40219.1
Project("{FAE04EC0-301F-11D3-BF4B-00C04F79EFBC}") = "ejercicio_4", "ejercicio_4\ejercicio_4.csproj", "{281D442F-DCB0-4CF0-88EE-A0166F144BE6}"
EndProject
Global
	GlobalSection(SolutionConfigurationPlatforms) = preSolution
		Debug|Any CPU = Debug|Any CPU
		Release|Any CPU = Release|Any CPU
	EndGlobalSection
	GlobalSection(ProjectConfigurationPlatforms) = postSolution
		{281D442F-DCB0-4CF0-88EE-A0166F144BE6}.Debug|Any CPU.ActiveCfg = Debug|Any CPU
		{281D442F-DCB0-4CF0-88EE-A0166F144BE6}.Debug|Any CPU.Build.0 = Debug|Any CPU
		{281D442F-DCB0-4CF0-88EE-A0166F144BE6}.Release|Any CPU.ActiveCfg = Release|Any CPU
		{281D442F-DCB0-4CF0-88EE-A0166F144BE6}.Release|Any CPU.Build.0 = Release|Any CPU
	EndGlobalSection
	GlobalSection(SolutionProperties) = preSolution
		HideSolutionNode = FALSE
	EndGlobalSection
	GlobalSection(ExtensibilityGlobals) = postSolution
		SolutionGuid = {54613357-14FB-456D-93E6-2D43B751C4A0}
	EndGlobalSection
EndGlobal
